{
    "_meta": {
        "hash": {
            "sha256": "c9be57fe5b78cadba00711b865ff795aa9a2b14e8e67c8e8c08d7084d5872e4e"
        },
        "pipfile-spec": 6,
        "requires": {
            "python_version": "3.8"
        },
        "sources": [
            {
                "name": "pypi",
                "url": "https://pypi.org/simple",
                "verify_ssl": true
            }
        ]
    },
    "default": {
        "appdirs": {
            "hashes": [
                "sha256:7d5d0167b2b1ba821647616af46a749d1c653740dd0d2415100fe26e27afdf41",
                "sha256:a841dacd6b99318a741b166adb07e19ee71a274450e68237b4650ca1055ab128"
            ],
            "version": "==1.4.4"
        },
        "asgiref": {
            "hashes": [
                "sha256:1d2880b792ae8757289136f1db2b7b99100ce959b2aa57fd69dab783d05afac4",
                "sha256:4a29362a6acebe09bf1d6640db38c1dc3d9217c68e6f9f6204d72667fc19a424"
            ],
            "markers": "python_version >= '3.7'",
            "version": "==3.5.2"
        },
        "astroid": {
            "hashes": [
                "sha256:87ae7f2398b8a0ae5638ddecf9987f081b756e0e9fc071aeebdca525671fc4dc",
                "sha256:b31c92f545517dcc452f284bc9c044050862fbe6d93d2b3de4a215a6b384bf0d"
            ],
            "markers": "python_version >= '3.6'",
            "version": "==2.5"
        },
        "attrs": {
            "hashes": [
                "sha256:2d27e3784d7a565d36ab851fe94887c5eccd6a463168875832a1be79c82828b4",
                "sha256:626ba8234211db98e869df76230a137c4c40a12d72445c45d5f5b716f076e2fd"
            ],
            "markers": "python_version >= '2.7' and python_version not in '3.0, 3.1, 3.2, 3.3, 3.4'",
            "version": "==21.4.0"
        },
        "black": {
            "hashes": [
                "sha256:1b30e59be925fafc1ee4565e5e08abef6b03fe455102883820fe5ee2e4734e0b",
                "sha256:c2edb73a08e9e0e6f65a0e6af18b059b8b1cdd5bef997d7a0b181df93dc81539"
            ],
            "index": "pypi",
            "version": "==19.10b0"
        },
        "certifi": {
            "hashes": [
                "sha256:78884e7c1d4b00ce3cea67b44566851c4343c120abd683433ce934a68ea58872",
                "sha256:d62a0163eb4c2344ac042ab2bdf75399a71a2d8c7d47eac2e2ee91b9d6339569"
            ],
            "version": "==2021.10.8"
        },
        "cffi": {
            "hashes": [
                "sha256:001bf3242a1bb04d985d63e138230802c6c8d4db3668fb545fb5005ddf5bb5ff",
                "sha256:00789914be39dffba161cfc5be31b55775de5ba2235fe49aa28c148236c4e06b",
                "sha256:028a579fc9aed3af38f4892bdcc7390508adabc30c6af4a6e4f611b0c680e6ac",
                "sha256:14491a910663bf9f13ddf2bc8f60562d6bc5315c1f09c704937ef17293fb85b0",
                "sha256:1cae98a7054b5c9391eb3249b86e0e99ab1e02bb0cc0575da191aedadbdf4384",
                "sha256:2089ed025da3919d2e75a4d963d008330c96751127dd6f73c8dc0c65041b4c26",
                "sha256:2d384f4a127a15ba701207f7639d94106693b6cd64173d6c8988e2c25f3ac2b6",
                "sha256:337d448e5a725bba2d8293c48d9353fc68d0e9e4088d62a9571def317797522b",
                "sha256:399aed636c7d3749bbed55bc907c3288cb43c65c4389964ad5ff849b6370603e",
                "sha256:3b911c2dbd4f423b4c4fcca138cadde747abdb20d196c4a48708b8a2d32b16dd",
                "sha256:3d311bcc4a41408cf5854f06ef2c5cab88f9fded37a3b95936c9879c1640d4c2",
                "sha256:62ae9af2d069ea2698bf536dcfe1e4eed9090211dbaafeeedf5cb6c41b352f66",
                "sha256:66e41db66b47d0d8672d8ed2708ba91b2f2524ece3dee48b5dfb36be8c2f21dc",
                "sha256:675686925a9fb403edba0114db74e741d8181683dcf216be697d208857e04ca8",
                "sha256:7e63cbcf2429a8dbfe48dcc2322d5f2220b77b2e17b7ba023d6166d84655da55",
                "sha256:8a6c688fefb4e1cd56feb6c511984a6c4f7ec7d2a1ff31a10254f3c817054ae4",
                "sha256:8c0ffc886aea5df6a1762d0019e9cb05f825d0eec1f520c51be9d198701daee5",
                "sha256:95cd16d3dee553f882540c1ffe331d085c9e629499ceadfbda4d4fde635f4b7d",
                "sha256:99f748a7e71ff382613b4e1acc0ac83bf7ad167fb3802e35e90d9763daba4d78",
                "sha256:b8c78301cefcf5fd914aad35d3c04c2b21ce8629b5e4f4e45ae6812e461910fa",
                "sha256:c420917b188a5582a56d8b93bdd8e0f6eca08c84ff623a4c16e809152cd35793",
                "sha256:c43866529f2f06fe0edc6246eb4faa34f03fe88b64a0a9a942561c8e22f4b71f",
                "sha256:cab50b8c2250b46fe738c77dbd25ce017d5e6fb35d3407606e7a4180656a5a6a",
                "sha256:cef128cb4d5e0b3493f058f10ce32365972c554572ff821e175dbc6f8ff6924f",
                "sha256:cf16e3cf6c0a5fdd9bc10c21687e19d29ad1fe863372b5543deaec1039581a30",
                "sha256:e56c744aa6ff427a607763346e4170629caf7e48ead6921745986db3692f987f",
                "sha256:e577934fc5f8779c554639376beeaa5657d54349096ef24abe8c74c5d9c117c3",
                "sha256:f2b0fa0c01d8a0c7483afd9f31d7ecf2d71760ca24499c8697aeb5ca37dc090c"
            ],
            "index": "pypi",
            "version": "==1.14.0"
        },
        "chardet": {
            "hashes": [
                "sha256:84ab92ed1c4d4f16916e05906b6b75a6c0fb5db821cc65e70cbd64a3e2a5eaae",
                "sha256:fc323ffcaeaed0e0a02bf4d117757b98aed530d9ed4531e3e15460124c106691"
            ],
            "version": "==3.0.4"
        },
        "click": {
            "hashes": [
                "sha256:8a18b4ea89d8820c5d0c7da8a64b2c324b4dabb695804dbfea19b9be9d88c0cc",
                "sha256:e345d143d80bf5ee7534056164e5e112ea5e22716bbb1ce727941f4c8b471b9a"
            ],
            "index": "pypi",
            "version": "==7.1.1"
        },
        "coreapi": {
            "hashes": [
                "sha256:46145fcc1f7017c076a2ef684969b641d18a2991051fddec9458ad3f78ffc1cb",
                "sha256:bf39d118d6d3e171f10df9ede5666f63ad80bba9a29a8ec17726a66cf52ee6f3"
            ],
            "version": "==2.3.3"
        },
        "coreschema": {
            "hashes": [
                "sha256:5e6ef7bf38c1525d5e55a895934ab4273548629f16aed5c0a6caa74ebf45551f",
                "sha256:9503506007d482ab0867ba14724b93c18a33b22b6d19fb419ef2d239dd4a1607"
            ],
            "index": "pypi",
            "version": "==0.0.4"
        },
        "cryptography": {
            "hashes": [
                "sha256:066bc53f052dfeda2f2d7c195cf16fb3e5ff13e1b6b7415b468514b40b381a5b",
                "sha256:0923ba600d00718d63a3976f23cab19aef10c1765038945628cd9be047ad0336",
                "sha256:2d32223e5b0ee02943f32b19245b61a62db83a882f0e76cc564e1cec60d48f87",
                "sha256:4169a27b818de4a1860720108b55a2801f32b6ae79e7f99c00d79f2a2822eeb7",
                "sha256:57ad77d32917bc55299b16d3b996ffa42a1c73c6cfa829b14043c561288d2799",
                "sha256:5ecf2bcb34d17415e89b546dbb44e73080f747e504273e4d4987630493cded1b",
                "sha256:600cf9bfe75e96d965509a4c0b2b183f74a4fa6f5331dcb40fb7b77b7c2484df",
                "sha256:66b57a9ca4b3221d51b237094b0303843b914b7d5afd4349970bb26518e350b0",
                "sha256:93cfe5b7ff006de13e1e89830810ecbd014791b042cbe5eec253be11ac2b28f3",
                "sha256:9e98b452132963678e3ac6c73f7010fe53adf72209a32854d55690acac3f6724",
                "sha256:df186fcbf86dc1ce56305becb8434e4b6b7504bc724b71ad7a3239e0c9d14ef2",
                "sha256:fec7fb46b10da10d9e1d078d1ff8ed9e05ae14f431fdbd11145edd0550b9a964"
            ],
            "index": "pypi",
            "version": "==3.4.6"
        },
        "django": {
            "hashes": [
                "sha256:c348b3ddc452bf4b62361f0752f71a339140c777ebea3cdaaaa8fdb7f417a862",
                "sha256:f8393103e15ec2d2d313ccbb95a3f1da092f9f58d74ac1c61ca2ac0436ae1eac"
            ],
            "index": "pypi",
            "version": "==3.1.8"
        },
        "django-cors-headers": {
            "hashes": [
                "sha256:a5960addecc04527ab26617e51b8ed42f0adab4594b24bb0f3c33e2bd3857c3f",
                "sha256:a785b5f446f6635810776d9f5f5d23e6a2a2f728ea982648370afaf0dfdf2627"
            ],
            "index": "pypi",
            "version": "==3.2.1"
        },
        "django-rest-framework": {
            "hashes": [
                "sha256:47a8f496fa69e3b6bd79f68dd7a1527d907d6b77f009e9db7cf9bb21cc565e4a"
            ],
            "index": "pypi",
            "version": "==0.1.0"
        },
        "django-seed": {
            "hashes": [
                "sha256:5cdda71dcd51b2e7340e4aec9035d99d7014409a4b11adddbdff17d814968221"
            ],
            "index": "pypi",
            "version": "==0.2.2"
        },
        "django-storages": {
            "hashes": [
                "sha256:3103991c2ee8cef8a2ff096709973ffe7106183d211a79f22cf855f33533d924",
                "sha256:a59e9923cbce7068792f75344ed7727021ee4ac20f227cf17297d0d03d141e91"
            ],
            "index": "pypi",
            "version": "==1.9.1"
        },
        "djangorestframework": {
            "hashes": [
                "sha256:5cc724dc4b076463497837269107e1995b1fbc917468d1b92d188fd1af9ea789",
                "sha256:a5967b68a04e0d97d10f4df228e30f5a2d82ba63b9d03e1759f84993b7bf1b53"
            ],
            "index": "pypi",
            "version": "==3.11.2"
        },
        "djangorestframework-api-key": {
            "hashes": [
                "sha256:61cdb75f16dc4425e0c8587c71f1d890963422c51b4192eec259c6446d7de976",
                "sha256:631d1898510f6adfd4585539daf5f91630d3a92f1f4b1faa029bd45ccc379736"
            ],
            "index": "pypi",
            "version": "==2.0.0"
        },
        "djangorestframework-csv": {
            "hashes": [
                "sha256:2f008b20a44f2d3c37835ea5b5ddfe19f54394f07b9cb267c616a917a7f7e27c"
            ],
            "index": "pypi",
            "version": "==2.1.0"
        },
        "djangorestframework-simplejwt": {
            "hashes": [
                "sha256:7adc913ba0d2ed7f46e0b9bf6e86f9bd9248f1c4201722b732b8213e0ea66f9f",
                "sha256:bd587700b6ab34a6c6b12d426cce4fa580d57ef1952ad4ba3b79707784619ed3"
            ],
            "index": "pypi",
            "version": "==4.6.0"
        },
        "drf-writable-nested": {
            "hashes": [
                "sha256:2770274a0aba4123155840d9004a9e7dde208fa82d4f0165b0a19d559bd36211",
                "sha256:3eac83ca663a8752ada27c320beb91d4c0d40aa2e4d9f915f502faae27dc9937"
            ],
            "index": "pypi",
            "version": "==0.6.1"
        },
        "drf-yasg": {
            "hashes": [
                "sha256:5572e9d5baab9f6b49318169df9789f7399d0e3c7bdac8fdb8dfccf1d5d2b1ca",
                "sha256:7d7af27ad16e18507e9392b2afd6b218fbffc432ec8dbea053099a2241e184ff"
            ],
            "index": "pypi",
            "version": "==1.17.1"
        },
        "et-xmlfile": {
            "hashes": [
                "sha256:8eb9e2bc2f8c97e37a2dc85a09ecdcdec9d8a396530a6d5a33b30b9a92da0c5c",
                "sha256:a2ba85d1d6a74ef63837eed693bcb89c3f752169b0e3e7ae5b16ca5e1b3deada"
            ],
            "markers": "python_version >= '3.6'",
            "version": "==1.1.0"
        },
        "faker": {
            "hashes": [
                "sha256:075a95ac4c95765370919d787dcd958acfaea635005ad5af4d926cb0973800db",
                "sha256:80bab8d46035a7393de827210c5d39c17109d3346d131946bde622137120c496"
            ],
            "index": "pypi",
            "version": "==4.1.3"
        },
        "future": {
            "hashes": [
                "sha256:b1bead90b70cf6ec3f0710ae53a525360fa360d306a86583adc6bf83a4db537d"
            ],
            "index": "pypi",
            "version": "==0.18.2"
        },
        "gunicorn": {
            "hashes": [
                "sha256:1904bb2b8a43658807108d59c3f3d56c2b6121a701161de0ddf9ad140073c626",
                "sha256:cd4a810dd51bf497552cf3f863b575dabd73d6ad6a91075b65936b151cbf4f9c"
            ],
            "index": "pypi",
            "version": "==20.0.4"
        },
        "idna": {
            "hashes": [
                "sha256:b307872f855b18632ce0c21c5e45be78c0ea7ae4c15c828c20788b26921eb3f6",
                "sha256:b97d804b1e9b523befed77c48dacec60e6dcb0b5391d57af6a65a312a90648c0"
            ],
            "markers": "python_version >= '2.7' and python_version not in '3.0, 3.1, 3.2, 3.3'",
            "version": "==2.10"
        },
        "inflection": {
            "hashes": [
                "sha256:1a29730d366e996aaacffb2f1f1cb9593dc38e2ddd30c91250c6dde09ea9b417",
                "sha256:f38b2b640938a4f35ade69ac3d053042959b62a0f1076a5bbaa1b9526605a8a2"
            ],
            "markers": "python_version >= '3.5'",
            "version": "==0.5.1"
        },
        "isort": {
            "hashes": [
                "sha256:54da7e92468955c4fceacd0c86bd0ec997b0e1ee80d97f67c35a78b719dccab1",
                "sha256:6e811fcb295968434526407adb8796944f1988c5b65e8139058f2014cbe100fd"
            ],
            "markers": "python_version >= '2.7' and python_version not in '3.0, 3.1, 3.2, 3.3'",
            "version": "==4.3.21"
        },
        "itypes": {
            "hashes": [
                "sha256:03da6872ca89d29aef62773672b2d408f490f80db48b23079a4b194c86dd04c6",
                "sha256:af886f129dea4a2a1e3d36595a2d139589e4dd287f5cab0b40e799ee81570ff1"
            ],
            "version": "==1.2.0"
        },
        "jinja2": {
            "hashes": [
                "sha256:03e47ad063331dd6a3f04a43eddca8a966a26ba0c5b7207a9a9e4e08f1b29419",
                "sha256:a6d58433de0ae800347cab1fa3043cebbabe8baa9d29e668f1c768cb87a333c6"
            ],
            "markers": "python_version >= '2.7' and python_version not in '3.0, 3.1, 3.2, 3.3, 3.4'",
            "version": "==2.11.3"
        },
        "lazy-object-proxy": {
            "hashes": [
                "sha256:043651b6cb706eee4f91854da4a089816a6606c1428fd391573ef8cb642ae4f7",
                "sha256:07fa44286cda977bd4803b656ffc1c9b7e3bc7dff7d34263446aec8f8c96f88a",
                "sha256:12f3bb77efe1367b2515f8cb4790a11cffae889148ad33adad07b9b55e0ab22c",
                "sha256:2052837718516a94940867e16b1bb10edb069ab475c3ad84fd1e1a6dd2c0fcfc",
                "sha256:2130db8ed69a48a3440103d4a520b89d8a9405f1b06e2cc81640509e8bf6548f",
                "sha256:39b0e26725c5023757fc1ab2a89ef9d7ab23b84f9251e28f9cc114d5b59c1b09",
                "sha256:46ff647e76f106bb444b4533bb4153c7370cdf52efc62ccfc1a28bdb3cc95442",
                "sha256:4dca6244e4121c74cc20542c2ca39e5c4a5027c81d112bfb893cf0790f96f57e",
                "sha256:553b0f0d8dbf21890dd66edd771f9b1b5f51bd912fa5f26de4449bfc5af5e029",
                "sha256:677ea950bef409b47e51e733283544ac3d660b709cfce7b187f5ace137960d61",
                "sha256:6a24357267aa976abab660b1d47a34aaf07259a0c3859a34e536f1ee6e76b5bb",
                "sha256:6a6e94c7b02641d1311228a102607ecd576f70734dc3d5e22610111aeacba8a0",
                "sha256:6aff3fe5de0831867092e017cf67e2750c6a1c7d88d84d2481bd84a2e019ec35",
                "sha256:6ecbb350991d6434e1388bee761ece3260e5228952b1f0c46ffc800eb313ff42",
                "sha256:7096a5e0c1115ec82641afbdd70451a144558ea5cf564a896294e346eb611be1",
                "sha256:70ed0c2b380eb6248abdef3cd425fc52f0abd92d2b07ce26359fcbc399f636ad",
                "sha256:8561da8b3dd22d696244d6d0d5330618c993a215070f473b699e00cf1f3f6443",
                "sha256:85b232e791f2229a4f55840ed54706110c80c0a210d076eee093f2b2e33e1bfd",
                "sha256:898322f8d078f2654d275124a8dd19b079080ae977033b713f677afcfc88e2b9",
                "sha256:8f3953eb575b45480db6568306893f0bd9d8dfeeebd46812aa09ca9579595148",
                "sha256:91ba172fc5b03978764d1df5144b4ba4ab13290d7bab7a50f12d8117f8630c38",
                "sha256:9d166602b525bf54ac994cf833c385bfcc341b364e3ee71e3bf5a1336e677b55",
                "sha256:a57d51ed2997e97f3b8e3500c984db50a554bb5db56c50b5dab1b41339b37e36",
                "sha256:b9e89b87c707dd769c4ea91f7a31538888aad05c116a59820f28d59b3ebfe25a",
                "sha256:bb8c5fd1684d60a9902c60ebe276da1f2281a318ca16c1d0a96db28f62e9166b",
                "sha256:c19814163728941bb871240d45c4c30d33b8a2e85972c44d4e63dd7107faba44",
                "sha256:c4ce15276a1a14549d7e81c243b887293904ad2d94ad767f42df91e75fd7b5b6",
                "sha256:c7a683c37a8a24f6428c28c561c80d5f4fd316ddcf0c7cab999b15ab3f5c5c69",
                "sha256:d609c75b986def706743cdebe5e47553f4a5a1da9c5ff66d76013ef396b5a8a4",
                "sha256:d66906d5785da8e0be7360912e99c9188b70f52c422f9fc18223347235691a84",
                "sha256:dd7ed7429dbb6c494aa9bc4e09d94b778a3579be699f9d67da7e6804c422d3de",
                "sha256:df2631f9d67259dc9620d831384ed7732a198eb434eadf69aea95ad18c587a28",
                "sha256:e368b7f7eac182a59ff1f81d5f3802161932a41dc1b1cc45c1f757dc876b5d2c",
                "sha256:e40f2013d96d30217a51eeb1db28c9ac41e9d0ee915ef9d00da639c5b63f01a1",
                "sha256:f769457a639403073968d118bc70110e7dce294688009f5c24ab78800ae56dc8",
                "sha256:fccdf7c2c5821a8cbd0a9440a456f5050492f2270bd54e94360cac663398739b",
                "sha256:fd45683c3caddf83abbb1249b653a266e7069a09f486daa8863fb0e7496a9fdb"
            ],
            "markers": "python_version >= '3.6'",
            "version": "==1.7.1"
        },
        "markupsafe": {
            "hashes": [
                "sha256:00bc623926325b26bb9605ae9eae8a215691f33cae5df11ca5424f06f2d1f473",
                "sha256:09027a7803a62ca78792ad89403b1b7a73a01c8cb65909cd876f7fcebd79b161",
                "sha256:09c4b7f37d6c648cb13f9230d847adf22f8171b1ccc4d5682398e77f40309235",
                "sha256:1027c282dad077d0bae18be6794e6b6b8c91d58ed8a8d89a89d59693b9131db5",
                "sha256:13d3144e1e340870b25e7b10b98d779608c02016d5184cfb9927a9f10c689f42",
                "sha256:195d7d2c4fbb0ee8139a6cf67194f3973a6b3042d742ebe0a9ed36d8b6f0c07f",
                "sha256:22c178a091fc6630d0d045bdb5992d2dfe14e3259760e713c490da5323866c39",
                "sha256:24982cc2533820871eba85ba648cd53d8623687ff11cbb805be4ff7b4c971aff",
                "sha256:29872e92839765e546828bb7754a68c418d927cd064fd4708fab9fe9c8bb116b",
                "sha256:2beec1e0de6924ea551859edb9e7679da6e4870d32cb766240ce17e0a0ba2014",
                "sha256:3b8a6499709d29c2e2399569d96719a1b21dcd94410a586a18526b143ec8470f",
                "sha256:43a55c2930bbc139570ac2452adf3d70cdbb3cfe5912c71cdce1c2c6bbd9c5d1",
                "sha256:46c99d2de99945ec5cb54f23c8cd5689f6d7177305ebff350a58ce5f8de1669e",
                "sha256:500d4957e52ddc3351cabf489e79c91c17f6e0899158447047588650b5e69183",
                "sha256:535f6fc4d397c1563d08b88e485c3496cf5784e927af890fb3c3aac7f933ec66",
                "sha256:596510de112c685489095da617b5bcbbac7dd6384aeebeda4df6025d0256a81b",
                "sha256:62fe6c95e3ec8a7fad637b7f3d372c15ec1caa01ab47926cfdf7a75b40e0eac1",
                "sha256:6788b695d50a51edb699cb55e35487e430fa21f1ed838122d722e0ff0ac5ba15",
                "sha256:6dd73240d2af64df90aa7c4e7481e23825ea70af4b4922f8ede5b9e35f78a3b1",
                "sha256:6f1e273a344928347c1290119b493a1f0303c52f5a5eae5f16d74f48c15d4a85",
                "sha256:6fffc775d90dcc9aed1b89219549b329a9250d918fd0b8fa8d93d154918422e1",
                "sha256:717ba8fe3ae9cc0006d7c451f0bb265ee07739daf76355d06366154ee68d221e",
                "sha256:79855e1c5b8da654cf486b830bd42c06e8780cea587384cf6545b7d9ac013a0b",
                "sha256:7c1699dfe0cf8ff607dbdcc1e9b9af1755371f92a68f706051cc8c37d447c905",
                "sha256:7fed13866cf14bba33e7176717346713881f56d9d2bcebab207f7a036f41b850",
                "sha256:84dee80c15f1b560d55bcfe6d47b27d070b4681c699c572af2e3c7cc90a3b8e0",
                "sha256:88e5fcfb52ee7b911e8bb6d6aa2fd21fbecc674eadd44118a9cc3863f938e735",
                "sha256:8defac2f2ccd6805ebf65f5eeb132adcf2ab57aa11fdf4c0dd5169a004710e7d",
                "sha256:98bae9582248d6cf62321dcb52aaf5d9adf0bad3b40582925ef7c7f0ed85fceb",
                "sha256:98c7086708b163d425c67c7a91bad6e466bb99d797aa64f965e9d25c12111a5e",
                "sha256:9add70b36c5666a2ed02b43b335fe19002ee5235efd4b8a89bfcf9005bebac0d",
                "sha256:9bf40443012702a1d2070043cb6291650a0841ece432556f784f004937f0f32c",
                "sha256:a6a744282b7718a2a62d2ed9d993cad6f5f585605ad352c11de459f4108df0a1",
                "sha256:acf08ac40292838b3cbbb06cfe9b2cb9ec78fce8baca31ddb87aaac2e2dc3bc2",
                "sha256:ade5e387d2ad0d7ebf59146cc00c8044acbd863725f887353a10df825fc8ae21",
                "sha256:b00c1de48212e4cc9603895652c5c410df699856a2853135b3967591e4beebc2",
                "sha256:b1282f8c00509d99fef04d8ba936b156d419be841854fe901d8ae224c59f0be5",
                "sha256:b1dba4527182c95a0db8b6060cc98ac49b9e2f5e64320e2b56e47cb2831978c7",
                "sha256:b2051432115498d3562c084a49bba65d97cf251f5a331c64a12ee7e04dacc51b",
                "sha256:b7d644ddb4dbd407d31ffb699f1d140bc35478da613b441c582aeb7c43838dd8",
                "sha256:ba59edeaa2fc6114428f1637ffff42da1e311e29382d81b339c1817d37ec93c6",
                "sha256:bf5aa3cbcfdf57fa2ee9cd1822c862ef23037f5c832ad09cfea57fa846dec193",
                "sha256:c8716a48d94b06bb3b2524c2b77e055fb313aeb4ea620c8dd03a105574ba704f",
                "sha256:caabedc8323f1e93231b52fc32bdcde6db817623d33e100708d9a68e1f53b26b",
                "sha256:cd5df75523866410809ca100dc9681e301e3c27567cf498077e8551b6d20e42f",
                "sha256:cdb132fc825c38e1aeec2c8aa9338310d29d337bebbd7baa06889d09a60a1fa2",
                "sha256:d53bc011414228441014aa71dbec320c66468c1030aae3a6e29778a3382d96e5",
                "sha256:d73a845f227b0bfe8a7455ee623525ee656a9e2e749e4742706d80a6065d5e2c",
                "sha256:d9be0ba6c527163cbed5e0857c451fcd092ce83947944d6c14bc95441203f032",
                "sha256:e249096428b3ae81b08327a63a485ad0878de3fb939049038579ac0ef61e17e7",
                "sha256:e8313f01ba26fbbe36c7be1966a7b7424942f670f38e666995b88d012765b9be",
                "sha256:feb7b34d6325451ef96bc0e36e1a6c0c1c64bc1fbec4b854f4529e51887b1621"
            ],
            "index": "pypi",
            "version": "==1.1.1"
        },
        "mccabe": {
            "hashes": [
                "sha256:ab8a6258860da4b6677da4bd2fe5dc2c659cff31b3ee4f7f5d64e79735b80d42",
                "sha256:dd8d182285a0fe56bace7f45b5e7d1a6ebcbf524e8f3bd87eb0f125271b8831f"
            ],
            "version": "==0.6.1"
        },
        "numpy": {
            "hashes": [
                "sha256:1a784e8ff7ea2a32e393cc53eb0003eca1597c7ca628227e34ce34eb11645a0e",
                "sha256:2ba579dde0563f47021dcd652253103d6fd66165b18011dce1a0609215b2791e",
                "sha256:3537b967b350ad17633b35c2f4b1a1bbd258c018910b518c30b48c8e41272717",
                "sha256:3c40e6b860220ed862e8097b8f81c9af6d7405b723f4a7af24a267b46f90e461",
                "sha256:598fe100b2948465cf3ed64b1a326424b5e4be2670552066e17dfaa67246011d",
                "sha256:620732f42259eb2c4642761bd324462a01cdd13dd111740ce3d344992dd8492f",
                "sha256:709884863def34d72b183d074d8ba5cfe042bc3ff8898f1ffad0209161caaa99",
                "sha256:75579acbadbf74e3afd1153da6177f846212ea2a0cc77de53523ae02c9256513",
                "sha256:7c55407f739f0bfcec67d0df49103f9333edc870061358ac8a8c9e37ea02fcd2",
                "sha256:a1f2fb2da242568af0271455b89aee0f71e4e032086ee2b4c5098945d0e11cf6",
                "sha256:a290989cd671cd0605e9c91a70e6df660f73ae87484218e8285c6522d29f6e38",
                "sha256:ac4fd578322842dbda8d968e3962e9f22e862b6ec6e3378e7415625915e2da4d",
                "sha256:ad09f55cc95ed8d80d8ab2052f78cc21cb231764de73e229140d81ff49d8145e",
                "sha256:b9205711e5440954f861ceeea8f1b415d7dd15214add2e878b4d1cf2bcb1a914",
                "sha256:bba474a87496d96e61461f7306fba2ebba127bed7836212c360f144d1e72ac54",
                "sha256:bebab3eaf0641bba26039fb0b2c5bf9b99407924b53b1ea86e03c32c64ef5aef",
                "sha256:cc367c86eb87e5b7c9592935620f22d13b090c609f1b27e49600cd033b529f54",
                "sha256:ccc6c650f8700ce1e3a77668bb7c43e45c20ac06ae00d22bdf6760b38958c883",
                "sha256:cf680682ad0a3bef56dae200dbcbac2d57294a73e5b0f9864955e7dd7c2c2491",
                "sha256:d2910d0a075caed95de1a605df00ee03b599de5419d0b95d55342e9a33ad1fb3",
                "sha256:d5caa946a9f55511e76446e170bdad1d12d6b54e17a2afe7b189112ed4412bb8",
                "sha256:d89b0dc7f005090e32bb4f9bf796e1dcca6b52243caf1803fdd2b748d8561f63",
                "sha256:d95d16204cd51ff1a1c8d5f9958ce90ae190be81d348b514f9be39f878b8044a",
                "sha256:e4d5a86a5257843a18fb1220c5f1c199532bc5d24e849ed4b0289fb59fbd4d8f",
                "sha256:e58ddb53a7b4959932f5582ac455ff90dcb05fac3f8dcc8079498d43afbbde6c",
                "sha256:e80fe25cba41c124d04c662f33f6364909b985f2eb5998aaa5ae4b9587242cce",
                "sha256:eda2829af498946c59d8585a9fd74da3f810866e05f8df03a86f70079c7531dd",
                "sha256:fd0a359c1c17f00cb37de2969984a74320970e0ceef4808c32e00773b06649d9"
            ],
            "index": "pypi",
            "version": "==1.21.0"
        },
        "openpyxl": {
            "hashes": [
                "sha256:46af4eaf201a89b610fcca177eed957635f88770a5462fb6aae4a2a52b0ff516",
                "sha256:6456a3b472e1ef0facb1129f3c6ef00713cebf62e736cd7a75bcc3247432f251"
            ],
            "index": "pypi",
            "version": "==3.0.7"
        },
        "packaging": {
            "hashes": [
                "sha256:dd47c42927d89ab911e606518907cc2d3a1f38bbd026385970643f9c5b8ecfeb",
                "sha256:ef103e05f519cdc783ae24ea4e2e0f508a9c99b2d4969652eed6a2e1ea5bd522"
            ],
            "markers": "python_version >= '3.6'",
            "version": "==21.3"
        },
        "pandas": {
            "hashes": [
                "sha256:09761bf5f8c741d47d4b8b9073288de1be39bbfccc281d70b889ade12b2aad29",
                "sha256:0f27fd1adfa256388dc34895ca5437eaf254832223812afd817a6f73127f969c",
                "sha256:43e00770552595c2250d8d712ec8b6e08ca73089ac823122344f023efa4abea3",
                "sha256:46fc671c542a8392a4f4c13edc8527e3a10f6cb62912d856f82248feb747f06e",
                "sha256:475b7772b6e18a93a43ea83517932deff33954a10d4fbae18d0c1aba4182310f",
                "sha256:4d821b9b911fc1b7d428978d04ace33f0af32bb7549525c8a7b08444bce46b74",
                "sha256:5e3c8c60541396110586bcbe6eccdc335a38e7de8c217060edaf4722260b158f",
                "sha256:621c044a1b5e535cf7dcb3ab39fca6f867095c3ef223a524f18f60c7fee028ea",
                "sha256:72ffcea00ae8ffcdbdefff800284311e155fbb5ed6758f1a6110fc1f8f8f0c1c",
                "sha256:8a051e957c5206f722e83f295f95a2cf053e890f9a1fba0065780a8c2d045f5d",
                "sha256:97b1954533b2a74c7e20d1342c4f01311d3203b48f2ebf651891e6a6eaf01104",
                "sha256:9f5829e64507ad10e2561b60baf285c470f3c4454b007c860e77849b88865ae7",
                "sha256:a93e34f10f67d81de706ce00bf8bb3798403cabce4ccb2de10c61b5ae8786ab5",
                "sha256:d59842a5aa89ca03c2099312163ffdd06f56486050e641a45d926a072f04d994",
                "sha256:dbb255975eb94143f2e6ec7dadda671d25147939047839cd6b8a4aff0379bb9b",
                "sha256:df6f10b85aef7a5bb25259ad651ad1cc1d6bb09000595cab47e718cbac250b1d"
            ],
            "index": "pypi",
            "version": "==1.2.3"
        },
        "pathspec": {
            "hashes": [
                "sha256:7d15c4ddb0b5c802d161efc417ec1a2558ea2653c2e8ad9c19098201dc1c993a",
                "sha256:e564499435a2673d586f6b2130bb5b95f04a3ba06f81b8f895b651a3c76aabb1"
            ],
            "version": "==0.9.0"
        },
        "pycparser": {
            "hashes": [
                "sha256:99a8ca03e29851d96616ad0404b4aad7d9ee16f25c9f9708a11faf2810f7b226"
            ],
            "index": "pypi",
            "version": "==2.18"
        },
        "pyjwt": {
            "hashes": [
                "sha256:5c6eca3c2940464d106b99ba83b00c6add741c9becaec087fb7ccdefea71350e",
                "sha256:8d59a976fb773f3e6a39c85636357c4f0e242707394cadadd9814f5cbaa20e96"
            ],
            "index": "pypi",
            "version": "==1.7.1"
        },
        "pylint": {
            "hashes": [
                "sha256:7dd78437f2d8d019717dbf287772d0b2dbdfd13fc016aa7faa08d67bccc46adc",
                "sha256:d0ece7d223fe422088b0e8f13fa0a1e8eb745ebffcb8ed53d3e95394b6101a1c"
            ],
            "index": "pypi",
            "version": "==2.5.3"
        },
        "pyparsing": {
            "hashes": [
                "sha256:c203ec8783bf771a155b207279b9bccb8dea02d8f0c9e5f8ead507bc3246ecc1",
                "sha256:ef9d7589ef3c200abe66653d3f1ab1033c3c419ae9b9bdb1240a85b024efc88b"
            ],
            "index": "pypi",
            "version": "==2.4.7"
        },
        "python-dateutil": {
            "hashes": [
                "sha256:73ebfe9dbf22e832286dafa60473e4cd239f8592f699aa5adaf10050e6e1823c",
                "sha256:75bb3f31ea686f1197762692a9ee6a7550b59fc6ca3a1f4b5d7e32fb98e2da2a"
            ],
            "index": "pypi",
            "version": "==2.8.1"
        },
        "python-dotenv": {
            "hashes": [
                "sha256:25c0ff1a3e12f4bde8d592cc254ab075cfe734fc5dd989036716fd17ee7e5ec7",
                "sha256:3b9909bc96b0edc6b01586e1eed05e71174ef4e04c71da5786370cebea53ad74"
            ],
            "index": "pypi",
            "version": "==0.13.0"
        },
        "pytz": {
            "hashes": [
                "sha256:1c557d7d0e871de1f5ccd5833f60fb2550652da6be2693c1e02300743d21500d",
                "sha256:b02c06db6cf09c12dd25137e563b31700d3b80fcc4ad23abb7a315f2789819be"
            ],
            "index": "pypi",
            "version": "==2019.3"
        },
        "regex": {
            "hashes": [
                "sha256:08119f707f0ebf2da60d2f24c2f39ca616277bb67ef6c92b72cbf90cbe3a556b",
                "sha256:0ce9537396d8f556bcfc317c65b6a0705320701e5ce511f05fc04421ba05b8a8",
                "sha256:1cbe0fa0b7f673400eb29e9ef41d4f53638f65f9a2143854de6b1ce2899185c3",
                "sha256:2294f8b70e058a2553cd009df003a20802ef75b3c629506be20687df0908177e",
                "sha256:23069d9c07e115537f37270d1d5faea3e0bdded8279081c4d4d607a2ad393683",
                "sha256:24f4f4062eb16c5bbfff6a22312e8eab92c2c99c51a02e39b4eae54ce8255cd1",
                "sha256:295badf61a51add2d428a46b8580309c520d8b26e769868b922750cf3ce67142",
                "sha256:2a3bf8b48f8e37c3a40bb3f854bf0121c194e69a650b209628d951190b862de3",
                "sha256:4385f12aa289d79419fede43f979e372f527892ac44a541b5446617e4406c468",
                "sha256:5635cd1ed0a12b4c42cce18a8d2fb53ff13ff537f09de5fd791e97de27b6400e",
                "sha256:5bfed051dbff32fd8945eccca70f5e22b55e4148d2a8a45141a3b053d6455ae3",
                "sha256:7e1037073b1b7053ee74c3c6c0ada80f3501ec29d5f46e42669378eae6d4405a",
                "sha256:90742c6ff121a9c5b261b9b215cb476eea97df98ea82037ec8ac95d1be7a034f",
                "sha256:a58dd45cb865be0ce1d5ecc4cfc85cd8c6867bea66733623e54bd95131f473b6",
                "sha256:c087bff162158536387c53647411db09b6ee3f9603c334c90943e97b1052a156",
                "sha256:c162a21e0da33eb3d31a3ac17a51db5e634fc347f650d271f0305d96601dc15b",
                "sha256:c9423a150d3a4fc0f3f2aae897a59919acd293f4cb397429b120a5fcd96ea3db",
                "sha256:ccccdd84912875e34c5ad2d06e1989d890d43af6c2242c6fcfa51556997af6cd",
                "sha256:e91ba11da11cf770f389e47c3f5c30473e6d85e06d7fd9dcba0017d2867aab4a",
                "sha256:ea4adf02d23b437684cd388d557bf76e3afa72f7fed5bbc013482cc00c816948",
                "sha256:fb95debbd1a824b2c4376932f2216cc186912e389bdb0e27147778cf6acb3f89"
            ],
            "index": "pypi",
            "version": "==2020.4.4"
        },
        "requests": {
            "hashes": [
                "sha256:43999036bfa82904b6af1d99e4882b560e5e2c68e5c4b0aa03b655f3d7d73fee",
                "sha256:5d2d0ffbb515f39417009a46c14256291061ac01ba8f875b90cad137de83beb4",
                "sha256:b3f43d496c6daba4493e7c431722aeb7dbc6288f52a6e04e7b6023b0247817e6"
            ],
            "index": "pypi",
            "version": "==2.23.0"
        },
        "ruamel.yaml": {
            "hashes": [
                "sha256:742b35d3d665023981bd6d16b3d24248ce5df75fdb4e2924e93a05c1f8b61ca7",
                "sha256:8b7ce697a2f212752a35c1ac414471dc16c424c9573be4926b56ff3f5d23b7af"
            ],
            "markers": "python_version >= '3'",
            "version": "==0.17.21"
        },
        "ruamel.yaml.clib": {
            "hashes": [
                "sha256:0847201b767447fc33b9c235780d3aa90357d20dd6108b92be544427bea197dd",
                "sha256:1070ba9dd7f9370d0513d649420c3b362ac2d687fe78c6e888f5b12bf8bc7bee",
                "sha256:1866cf2c284a03b9524a5cc00daca56d80057c5ce3cdc86a52020f4c720856f0",
                "sha256:221eca6f35076c6ae472a531afa1c223b9c29377e62936f61bc8e6e8bdc5f9e7",
                "sha256:31ea73e564a7b5fbbe8188ab8b334393e06d997914a4e184975348f204790277",
                "sha256:3fb9575a5acd13031c57a62cc7823e5d2ff8bc3835ba4d94b921b4e6ee664104",
                "sha256:4ff604ce439abb20794f05613c374759ce10e3595d1867764dd1ae675b85acbd",
                "sha256:6e7be2c5bcb297f5b82fee9c665eb2eb7001d1050deaba8471842979293a80b0",
                "sha256:72a2b8b2ff0a627496aad76f37a652bcef400fd861721744201ef1b45199ab78",
                "sha256:77df077d32921ad46f34816a9a16e6356d8100374579bc35e15bab5d4e9377de",
                "sha256:78988ed190206672da0f5d50c61afef8f67daa718d614377dcd5e3ed85ab4a99",
                "sha256:7b2927e92feb51d830f531de4ccb11b320255ee95e791022555971c466af4527",
                "sha256:7f7ecb53ae6848f959db6ae93bdff1740e651809780822270eab111500842a84",
                "sha256:825d5fccef6da42f3c8eccd4281af399f21c02b32d98e113dbc631ea6a6ecbc7",
                "sha256:846fc8336443106fe23f9b6d6b8c14a53d38cef9a375149d61f99d78782ea468",
                "sha256:89221ec6d6026f8ae859c09b9718799fea22c0e8da8b766b0b2c9a9ba2db326b",
                "sha256:9efef4aab5353387b07f6b22ace0867032b900d8e91674b5d8ea9150db5cae94",
                "sha256:a32f8d81ea0c6173ab1b3da956869114cae53ba1e9f72374032e33ba3118c233",
                "sha256:a49e0161897901d1ac9c4a79984b8410f450565bbad64dbfcbf76152743a0cdb",
                "sha256:ada3f400d9923a190ea8b59c8f60680c4ef8a4b0dfae134d2f2ff68429adfab5",
                "sha256:bf75d28fa071645c529b5474a550a44686821decebdd00e21127ef1fd566eabe",
                "sha256:cfdb9389d888c5b74af297e51ce357b800dd844898af9d4a547ffc143fa56751",
                "sha256:d67f273097c368265a7b81e152e07fb90ed395df6e552b9fa858c6d2c9f42502",
                "sha256:dc6a613d6c74eef5a14a214d433d06291526145431c3b964f5e16529b1842bed",
                "sha256:de9c6b8a1ba52919ae919f3ae96abb72b994dd0350226e28f3686cb4f142165c"
            ],
            "markers": "python_version < '3.11' and platform_python_implementation == 'CPython'",
            "version": "==0.2.6"
        },
        "setuptools": {
            "hashes": [
                "sha256:5534570b9980fc650d45c62877ff603c7aaaf24893371708736cc016bd221c3c",
                "sha256:ca6ba73b7fd5f734ae70ece8c4c1f7062b07f3352f6428f6277e27c8f5c64237"
            ],
            "markers": "python_version >= '3.7'",
            "version": "==62.2.0"
        },
        "simplejson": {
            "hashes": [
                "sha256:0fe3994207485efb63d8f10a833ff31236ed27e3b23dadd0bf51c9900313f8f2",
                "sha256:17163e643dbf125bb552de17c826b0161c68c970335d270e174363d19e7ea882",
                "sha256:1d1e929cdd15151f3c0b2efe953b3281b2fd5ad5f234f77aca725f28486466f6",
                "sha256:1d346c2c1d7dd79c118f0cc7ec5a1c4127e0c8ffc83e7b13fc5709ff78c9bb84",
                "sha256:1ea59f570b9d4916ae5540a9181f9c978e16863383738b69a70363bc5e63c4cb",
                "sha256:1fbba86098bbfc1f85c5b69dc9a6d009055104354e0d9880bb00b692e30e0078",
                "sha256:229edb079d5dd81bf12da952d4d825bd68d1241381b37d3acf961b384c9934de",
                "sha256:22a7acb81968a7c64eba7526af2cf566e7e2ded1cb5c83f0906b17ff1540f866",
                "sha256:2b4b2b738b3b99819a17feaf118265d0753d5536049ea570b3c43b51c4701e81",
                "sha256:4cf91aab51b02b3327c9d51897960c554f00891f9b31abd8a2f50fd4a0071ce8",
                "sha256:4fd5f79590694ebff8dc980708e1c182d41ce1fda599a12189f0ca96bf41ad70",
                "sha256:5cfd495527f8b85ce21db806567de52d98f5078a8e9427b18e251c68bd573a26",
                "sha256:60aad424e47c5803276e332b2a861ed7a0d46560e8af53790c4c4fb3420c26c2",
                "sha256:7739940d68b200877a15a5ff5149e1599737d6dd55e302625650629350466418",
                "sha256:7cce4bac7e0d66f3a080b80212c2238e063211fe327f98d764c6acbc214497fc",
                "sha256:8027bd5f1e633eb61b8239994e6fc3aba0346e76294beac22a892eb8faa92ba1",
                "sha256:86afc5b5cbd42d706efd33f280fec7bd7e2772ef54e3f34cf6b30777cd19a614",
                "sha256:87d349517b572964350cc1adc5a31b493bbcee284505e81637d0174b2758ba17",
                "sha256:8de378d589eccbc75941e480b4d5b4db66f22e4232f87543b136b1f093fff342",
                "sha256:926bcbef9eb60e798eabda9cd0bbcb0fca70d2779aa0aa56845749d973eb7ad5",
                "sha256:9a126c3a91df5b1403e965ba63b304a50b53d8efc908a8c71545ed72535374a3",
                "sha256:ad8dd3454d0c65c0f92945ac86f7b9efb67fa2040ba1b0189540e984df904378",
                "sha256:d140e9376e7f73c1f9e0a8e3836caf5eec57bbafd99259d56979da05a6356388",
                "sha256:da00675e5e483ead345429d4f1374ab8b949fba4429d60e71ee9d030ced64037",
                "sha256:daaf4d11db982791be74b23ff4729af2c7da79316de0bebf880fa2d60bcc8c5a",
                "sha256:f4b64a1031acf33e281fd9052336d6dad4d35eee3404c95431c8c6bc7a9c0588",
                "sha256:fc046afda0ed8f5295212068266c92991ab1f4a50c6a7144b69364bdee4a0159",
                "sha256:fc9051d249dd5512e541f20330a74592f7a65b2d62e18122ca89bf71f94db748"
            ],
            "index": "pypi",
            "version": "==3.17.0"
        },
        "six": {
            "hashes": [
                "sha256:236bdbdce46e6e6a3d61a337c0f8b763ca1e8717c03b369e87a7ec7ce1319c0a",
                "sha256:8f3cd2e254d8f793e7f3d6d9df77b92252b52637291d0f0da013c76ea2724b6c"
            ],
            "index": "pypi",
            "version": "==1.14.0"
        },
        "sqlparse": {
            "hashes": [
                "sha256:ce028444cfab83be538752a2ffdb56bc417b7784ff35bb9a3062413717807dec",
                "sha256:d9cf190f51cbb26da0412247dfe4fb5f4098edb73db84e02f9fc21fdca31fed4"
            ],
            "index": "pypi",
            "version": "==0.2.4"
        },
        "text-unidecode": {
            "hashes": [
                "sha256:1311f10e8b895935241623731c2ba64f4c455287888b18189350b67134a822e8",
                "sha256:bad6603bb14d279193107714b288be206cac565dfa49aa5b105294dd5c4aab93"
            ],
            "version": "==1.3"
        },
        "toml": {
            "hashes": [
                "sha256:806143ae5bfb6a3c6e736a764057db0e6a0e05e338b5630894a5f779cabb4f9b",
                "sha256:b3bda1d108d5dd99f4a20d24d9c348e91c4db7ab1b749200bded2f839ccbe68f"
            ],
            "markers": "python_version >= '2.6' and python_version not in '3.0, 3.1, 3.2, 3.3'",
            "version": "==0.10.2"
        },
        "typed-ast": {
            "hashes": [
                "sha256:20d5118e494478ef2d3a2702d964dae830aedd7b4d3b626d003eea526be18718",
                "sha256:27e46cdd01d6c3a0dd8f728b6a938a6751f7bd324817501c15fb056307f918c6",
                "sha256:27f25232e2dd0edfe1f019d6bfaaf11e86e657d9bdb7b0956db95f560cceb2b3",
                "sha256:3042bfc9ca118712c9809201f55355479cfcdc17449f9f8db5e744e9625c6805",
                "sha256:37e5349d1d5de2f4763d534ccb26809d1c24b180a477659a12c4bde9dd677d74",
                "sha256:4fff9fdcce59dc61ec1b317bdb319f8f4e6b69ebbe61193ae0a60c5f9333dc49",
                "sha256:542cd732351ba8235f20faa0fc7398946fe1a57f2cdb289e5497e1e7f48cfedb",
                "sha256:5dc2c11ae59003d4a26dda637222d9ae924387f96acae9492df663843aefad55",
                "sha256:8831479695eadc8b5ffed06fdfb3e424adc37962a75925668deeb503f446c0a3",
                "sha256:8cdf91b0c466a6c43f36c1964772918a2c04cfa83df8001ff32a89e357f8eb06",
                "sha256:8e0b8528838ffd426fea8d18bde4c73bcb4167218998cc8b9ee0a0f2bfe678a6",
                "sha256:8ef1d96ad05a291f5c36895d86d1375c0ee70595b90f6bb5f5fdbee749b146db",
                "sha256:9ad3b48cf2b487be140072fb86feff36801487d4abb7382bb1929aaac80638ea",
                "sha256:9cc9e1457e1feb06b075c8ef8aeb046a28ec351b1958b42c7c31c989c841403a",
                "sha256:9e237e74fd321a55c90eee9bc5d44be976979ad38a29bbd734148295c1ce7617",
                "sha256:c9f1a27592fac87daa4e3f16538713d705599b0a27dfe25518b80b6b017f0a6d",
                "sha256:d64dabc6336ddc10373922a146fa2256043b3b43e61f28961caec2a5207c56d5",
                "sha256:e20d196815eeffb3d76b75223e8ffed124e65ee62097e4e73afb5fec6b993e7a",
                "sha256:e34f9b9e61333ecb0f7d79c21c28aa5cd63bec15cb7e1310d7d3da6ce886bc9b",
                "sha256:ed44e81517364cb5ba367e4f68fca01fba42a7a4690d40c07886586ac267d9b9",
                "sha256:ee852185964744987609b40aee1d2eb81502ae63ee8eef614558f96a56c1902d",
                "sha256:f60d9de0d087454c91b3999a296d0c4558c1666771e3460621875021bf899af9",
                "sha256:f818c5b81966d4728fec14caa338e30a70dfc3da577984d38f97816c4b3071ec",
                "sha256:fd5df1313915dbd70eaaa88c19030b441742e8b05e6103c631c83b75e0435ccc"
            ],
            "markers": "python_version >= '3.6'",
            "version": "==1.5.3"
        },
        "unicodecsv": {
            "hashes": [
                "sha256:018c08037d48649a0412063ff4eda26eaa81eff1546dbffa51fa5293276ff7fc"
            ],
            "version": "==0.14.1"
        },
        "uritemplate": {
            "hashes": [
                "sha256:07620c3f3f8eed1f12600845892b0e036a2420acf513c53f7de0abd911a5894f",
                "sha256:5af8ad10cec94f215e3f48112de2022e1d5a37ed427fbd88652fa908f2ab7cae"
            ],
            "index": "pypi",
            "version": "==3.0.1"
        },
        "urllib3": {
            "hashes": [
                "sha256:2f3db8b19923a873b3e5256dc9c2dedfa883e33d87c690d9c7913e1f40673cdc",
                "sha256:87716c2d2a7121198ebcb7ce7cccf6ce5e9ba539041cfbaeecfb641dc0bf6acc"
            ],
            "index": "pypi",
            "version": "==1.25.8"
        },
        "vine": {
            "hashes": [
                "sha256:133ee6d7a9016f177ddeaf191c1f58421a1dcc6ee9a42c58b34bed40e1d2cd87",
                "sha256:ea4947cc56d1fd6f2095c8d543ee25dad966f78692528e68b4fada11ba3f98af"
            ],
            "index": "pypi",
            "version": "==1.3.0"
        },
        "whitenoise": {
            "hashes": [
                "sha256:60154b976a13901414a25b0273a841145f77eb34a141f9ae032a0ace3e4d5b27",
                "sha256:6dd26bfda3af29177d8ab7333a0c7b7642eb615ce83764f4d15a9aecda3201c4"
            ],
            "index": "pypi",
            "version": "==5.1.0"
        },
        "wrapt": {
            "hashes": [
                "sha256:b62ffa81fb85f4332a4f609cab4ac40709470da05643a082ec1eb88e6d9b97d7"
            ],
            "version": "==1.12.1"
        }
    },
    "develop": {}
}
